
Microsoft Visual Studio Solution File, Format Version 12.00
# Visual Studio Version 16
VisualStudioVersion = 16.0.30503.244
MinimumVisualStudioVersion = 10.0.40219.1
Project("{FAE04EC0-301F-11D3-BF4B-00C04F79EFBC}") = "skills-management-web", "skills-management-web\skills-management-web.csproj", "{1338E4DD-2E82-473D-903F-1C2422FDEFEE}"
EndProject
Project("{FAE04EC0-301F-11D3-BF4B-00C04F79EFBC}") = "skills-management-api", "skills-management-api\skills-management-api.csproj", "{D3192E19-37A0-4FE9-B4FA-655150078554}"
EndProject
Global
	GlobalSection(SolutionConfigurationPlatforms) = preSolution
		Debug|Any CPU = Debug|Any CPU
		Release|Any CPU = Release|Any CPU
	EndGlobalSection
	GlobalSection(ProjectConfigurationPlatforms) = postSolution
		{1338E4DD-2E82-473D-903F-1C2422FDEFEE}.Debug|Any CPU.ActiveCfg = Debug|Any CPU
		{1338E4DD-2E82-473D-903F-1C2422FDEFEE}.Debug|Any CPU.Build.0 = Debug|Any CPU
		{1338E4DD-2E82-473D-903F-1C2422FDEFEE}.Release|Any CPU.ActiveCfg = Release|Any CPU
		{1338E4DD-2E82-473D-903F-1C2422FDEFEE}.Release|Any CPU.Build.0 = Release|Any CPU
		{D3192E19-37A0-4FE9-B4FA-655150078554}.Debug|Any CPU.ActiveCfg = Debug|Any CPU
		{D3192E19-37A0-4FE9-B4FA-655150078554}.Debug|Any CPU.Build.0 = Debug|Any CPU
		{D3192E19-37A0-4FE9-B4FA-655150078554}.Release|Any CPU.ActiveCfg = Release|Any CPU
		{D3192E19-37A0-4FE9-B4FA-655150078554}.Release|Any CPU.Build.0 = Release|Any CPU
	EndGlobalSection
	GlobalSection(SolutionProperties) = preSolution
		HideSolutionNode = FALSE
	EndGlobalSection
	GlobalSection(ExtensibilityGlobals) = postSolution
		SolutionGuid = {DCA0AC52-167C-47B5-802A-3EFCC102CA73}
	EndGlobalSection
EndGlobal
